Microsoft Visual Studio Solution File, Format Version 12.00
# Visual Studio Version 17
VisualStudioVersion = 17.5.2.0
MinimumVisualStudioVersion = 10.0.40219.1
Project("{FAE04EC0-301F-11D3-BF4B-00C04F79EFBC}") = "CornerShopCalculator", "CornerShopCalculator\CornerShopCalculator.csproj", "{636B6158-D002-2ED5-C273-6BA0676A741C}"
EndProject
Global
	GlobalSection(SolutionConfigurationPlatforms) = preSolution
		Debug|Any CPU = Debug|Any CPU
		Release|Any CPU = Release|Any CPU
	EndGlobalSection
	GlobalSection(ProjectConfigurationPlatforms) = postSolution
		{636B6158-D002-2ED5-C273-6BA0676A741C}.Debug|Any CPU.ActiveCfg = Debug|Any CPU
		{636B6158-D002-2ED5-C273-6BA0676A741C}.Debug|Any CPU.Build.0 = Debug|Any CPU
		{636B6158-D002-2ED5-C273-6BA0676A741C}.Release|Any CPU.ActiveCfg = Release|Any CPU
		{636B6158-D002-2ED5-C273-6BA0676A741C}.Release|Any CPU.Build.0 = Release|Any CPU
	EndGlobalSection
	GlobalSection(SolutionProperties) = preSolution
		HideSolutionNode = FALSE
	EndGlobalSection
	GlobalSection(ExtensibilityGlobals) = postSolution
		SolutionGuid = {8F2A23A9-E0F1-4634-8A59-B4EA13CCAACE}
	EndGlobalSection
EndGlobal
